// !$*UTF8*$!
{
	archiveVersion = 1;
	classes = {
	};
	objectVersion = 56;
	objects = {

/* Begin PBXBuildFile section */
		E22624D02AA14F3B000A67FC /* ValUApp.swift in Sources */ = {isa = PBXBuildFile; fileRef = E22624CF2AA14F3B000A67FC /* ValUApp.swift */; };
		E22624D22AA14F3B000A67FC /* ContentView.swift in Sources */ = {isa = PBXBuildFile; fileRef = E22624D12AA14F3B000A67FC /* ContentView.swift */; };
		E22624D42AA14F3D000A67FC /* Assets.xcassets in Resources */ = {isa = PBXBuildFile; fileRef = E22624D32AA14F3D000A67FC /* Assets.xcassets */; };
		E22624D72AA14F3D000A67FC /* Preview Assets.xcassets in Resources */ = {isa = PBXBuildFile; fileRef = E22624D62AA14F3D000A67FC /* Preview Assets.xcassets */; };
		E22624E12AA14F3E000A67FC /* ValUTests.swift in Sources */ = {isa = PBXBuildFile; fileRef = E22624E02AA14F3E000A67FC /* ValUTests.swift */; };
		E22624EB2AA14F3E000A67FC /* ValUUITests.swift in Sources */ = {isa = PBXBuildFile; fileRef = E22624EA2AA14F3E000A67FC /* ValUUITests.swift */; };
		E22624ED2AA14F3E000A67FC /* ValUUITestsLaunchTests.swift in Sources */ = {isa = PBXBuildFile; fileRef = E22624EC2AA14F3E000A67FC /* ValUUITestsLaunchTests.swift */; };
/* End PBXBuildFile section */

/* Begin PBXContainerItemProxy section */
		E22624DD2AA14F3E000A67FC /* PBXContainerItemProxy */ = {
			isa = PBXContainerItemProxy;
			containerPortal = E22624C42AA14F3B000A67FC /* Project object */;
			proxyType = 1;
			remoteGlobalIDString = E22624CB2AA14F3B000A67FC;
			remoteInfo = ValU;
		};
		E22624E72AA14F3E000A67FC /* PBXContainerItemProxy */ = {
			isa = PBXContainerItemProxy;
			containerPortal = E22624C42AA14F3B000A67FC /* Project object */;
			proxyType = 1;
			remoteGlobalIDString = E22624CB2AA14F3B000A67FC;
			remoteInfo = ValU;
		};
/* End PBXContainerItemProxy section */

/* Begin PBXFileReference section */
		E22624CC2AA14F3B000A67FC /* ValU.app */ = {isa = PBXFileReference; explicitFileType = wrapper.application; includeInIndex = 0; path = ValU.app; sourceTree = BUILT_PRODUCTS_DIR; };
		E22624CF2AA14F3B000A67FC /* ValUApp.swift */ = {isa = PBXFileReference; lastKnownFileType = sourcecode.swift; path = ValUApp.swift; sourceTree = "<group>"; };
		E22624D12AA14F3B000A67FC /* ContentView.swift */ = {isa = PBXFileReference; lastKnownFileType = sourcecode.swift; path = ContentView.swift; sourceTree = "<group>"; };
		E22624D32AA14F3D000A67FC /* Assets.xcassets */ = {isa = PBXFileReference; lastKnownFileType = folder.assetcatalog; path = Assets.xcassets; sourceTree = "<group>"; };
		E22624D62AA14F3D000A67FC /* Preview Assets.xcassets */ = {isa = PBXFileReference; lastKnownFileType = folder.assetcatalog; path = "Preview Assets.xcassets"; sourceTree = "<group>"; };
		E22624DC2AA14F3E000A67FC /* ValUTests.xctest */ = {isa = PBXFileReference; explicitFileType = wrapper.cfbundle; includeInIndex = 0; path = ValUTests.xctest; sourceTree = BUILT_PRODUCTS_DIR; };
		E22624E02AA14F3E000A67FC /* ValUTests.swift */ = {isa = PBXFileReference; lastKnownFileType = sourcecode.swift; path = ValUTests.swift; sourceTree = "<group>"; };
		E22624E62AA14F3E000A67FC /* ValUUITests.xctest */ = {isa = PBXFileReference; explicitFileType = wrapper.cfbundle; includeInIndex = 0; path = ValUUITests.xctest; sourceTree = BUILT_PRODUCTS_DIR; };
		E22624EA2AA14F3E000A67FC /* ValUUITests.swift */ = {isa = PBXFileReference; lastKnownFileType = sourcecode.swift; path = ValUUITests.swift; sourceTree = "<group>"; };
		E22624EC2AA14F3E000A67FC /* ValUUITestsLaunchTests.swift */ = {isa = PBXFileReference; lastKnownFileType = sourcecode.swift; path = ValUUITestsLaunchTests.swift; sourceTree = "<group>"; };
/* End PBXFileReference section */

/* Begin PBXFrameworksBuildPhase section */
		E22624C92AA14F3B000A67FC /* Frameworks */ = {
			isa = PBXFrameworksBuildPhase;
			buildActionMask = 2147483647;
			files = (
			);
			runOnlyForDeploymentPostprocessing = 0;
		};
		E22624D92AA14F3E000A67FC /* Frameworks */ = {
			isa = PBXFrameworksBuildPhase;
			buildActionMask = 2147483647;
			files = (
			);
			runOnlyForDeploymentPostprocessing = 0;
		};
		E22624E32AA14F3E000A67FC /* Frameworks */ = {
			isa = PBXFrameworksBuildPhase;
			buildActionMask = 2147483647;
			files = (
			);
			runOnlyForDeploymentPostprocessing = 0;
		};
/* End PBXFrameworksBuildPhase section */

/* Begin PBXGroup section */
		E22624C32AA14F3B000A67FC = {
			isa = PBXGroup;
			children = (
				E22624CE2AA14F3B000A67FC /* ValU */,
				E22624DF2AA14F3E000A67FC /* ValUTests */,
				E22624E92AA14F3E000A67FC /* ValUUITests */,
				E22624CD2AA14F3B000A67FC /* Products */,
			);
			sourceTree = "<group>";
		};
		E22624CD2AA14F3B000A67FC /* Products */ = {
			isa = PBXGroup;
			children = (
				E22624CC2AA14F3B000A67FC /* ValU.app */,
				E22624DC2AA14F3E000A67FC /* ValUTests.xctest */,
				E22624E62AA14F3E000A67FC /* ValUUITests.xctest */,
			);
			name = Products;
			sourceTree = "<group>";
		};
		E22624CE2AA14F3B000A67FC /* ValU */ = {
			isa = PBXGroup;
			children = (
				E22624CF2AA14F3B000A67FC /* ValUApp.swift */,
				E22624D12AA14F3B000A67FC /* ContentView.swift */,
				E22624D32AA14F3D000A67FC /* Assets.xcassets */,
				E22624D52AA14F3D000A67FC /* Preview Content */,
			);
			path = ValU;
			sourceTree = "<group>";
		};
		E22624D52AA14F3D000A67FC /* Preview Content */ = {
			isa = PBXGroup;
			children = (
				E22624D62AA14F3D000A67FC /* Preview Assets.xcassets */,
			);
			path = "Preview Content";
			sourceTree = "<group>";
		};
		E22624DF2AA14F3E000A67FC /* ValUTests */ = {
			isa = PBXGroup;
			children = (
				E22624E02AA14F3E000A67FC /* ValUTests.swift */,
			);
			path = ValUTests;
			sourceTree = "<group>";
		};
		E22624E92AA14F3E000A67FC /* ValUUITests */ = {
			isa = PBXGroup;
			children = (
				E22624EA2AA14F3E000A67FC /* ValUUITests.swift */,
				E22624EC2AA14F3E000A67FC /* ValUUITestsLaunchTests.swift */,
			);
			path = ValUUITests;
			sourceTree = "<group>";
		};
/* End PBXGroup section */

/* Begin PBXNativeTarget section */
		E22624CB2AA14F3B000A67FC /* ValU */ = {
			isa = PBXNativeTarget;
			buildConfigurationList = E22624F02AA14F3E000A67FC /* Build configuration list for PBXNativeTarget "ValU" */;
			buildPhases = (
				E22624C82AA14F3B000A67FC /* Sources */,
				E22624C92AA14F3B000A67FC /* Frameworks */,
				E22624CA2AA14F3B000A67FC /* Resources */,
			);
			buildRules = (
			);
			dependencies = (
			);
			name = ValU;
			productName = ValU;
			productReference = E22624CC2AA14F3B000A67FC /* ValU.app */;
			productType = "com.apple.product-type.application";
		};
		E22624DB2AA14F3E000A67FC /* ValUTests */ = {
			isa = PBXNativeTarget;
			buildConfigurationList = E22624F32AA14F3E000A67FC /* Build configuration list for PBXNativeTarget "ValUTests" */;
			buildPhases = (
				E22624D82AA14F3E000A67FC /* Sources */,
				E22624D92AA14F3E000A67FC /* Frameworks */,
				E22624DA2AA14F3E000A67FC /* Resources */,
			);
			buildRules = (
			);
			dependencies = (
				E22624DE2AA14F3E000A67FC /* PBXTargetDependency */,
			);
			name = ValUTests;
			productName = ValUTests;
			productReference = E22624DC2AA14F3E000A67FC /* ValUTests.xctest */;
			productType = "com.apple.product-type.bundle.unit-test";
		};
		E22624E52AA14F3E000A67FC /* ValUUITests */ = {
			isa = PBXNativeTarget;
			buildConfigurationList = E22624F62AA14F3E000A67FC /* Build configuration list for PBXNativeTarget "ValUUITests" */;
			buildPhases = (
				E22624E22AA14F3E000A67FC /* Sources */,
				E22624E32AA14F3E000A67FC /* Frameworks */,
				E22624E42AA14F3E000A67FC /* Resources */,
			);
			buildRules = (
			);
			dependencies = (
				E22624E82AA14F3E000A67FC /* PBXTargetDependency */,
			);
			name = ValUUITests;
			productName = ValUUITests;
			productReference = E22624E62AA14F3E000A67FC /* ValUUITests.xctest */;
			productType = "com.apple.product-type.bundle.ui-testing";
		};
/* End PBXNativeTarget section */

/* Begin PBXProject section */
		E22624C42AA14F3B000A67FC /* Project object */ = {
			isa = PBXProject;
			attributes = {
				BuildIndependentTargetsInParallel = 1;
				LastSwiftUpdateCheck = 1430;
				LastUpgradeCheck = 1430;
				TargetAttributes = {
					E22624CB2AA14F3B000A67FC = {
						CreatedOnToolsVersion = 14.3.1;
					};
					E22624DB2AA14F3E000A67FC = {
						CreatedOnToolsVersion = 14.3.1;
						TestTargetID = E22624CB2AA14F3B000A67FC;
					};
					E22624E52AA14F3E000A67FC = {
						CreatedOnToolsVersion = 14.3.1;
						TestTargetID = E22624CB2AA14F3B000A67FC;
					};
				};
			};
			buildConfigurationList = E22624C72AA14F3B000A67FC /* Build configuration list for PBXProject "ValU" */;
			compatibilityVersion = "Xcode 14.0";
			developmentRegion = en;
			hasScannedForEncodings = 0;
			knownRegions = (
				en,
				Base,
			);
			mainGroup = E22624C32AA14F3B000A67FC;
			productRefGroup = E22624CD2AA14F3B000A67FC /* Products */;
			projectDirPath = "";
			projectRoot = "";
			targets = (
				E22624CB2AA14F3B000A67FC /* ValU */,
				E22624DB2AA14F3E000A67FC /* ValUTests */,
				E22624E52AA14F3E000A67FC /* ValUUITests */,
			);
		};
/* End PBXProject section */

/* Begin PBXResourcesBuildPhase section */
		E22624CA2AA14F3B000A67FC /* Resources */ = {
			isa = PBXResourcesBuildPhase;
			buildActionMask = 2147483647;
			files = (
				E22624D72AA14F3D000A67FC /* Preview Assets.xcassets in Resources */,
				E22624D42AA14F3D000A67FC /* Assets.xcassets in Resources */,
			);
			runOnlyForDeploymentPostprocessing = 0;
		};
		E22624DA2AA14F3E000A67FC /* Resources */ = {
			isa = PBXResourcesBuildPhase;
			buildActionMask = 2147483647;
			files = (
			);
			runOnlyForDeploymentPostprocessing = 0;
		};
		E22624E42AA14F3E000A67FC /* Resources */ = {
			isa = PBXResourcesBuildPhase;
			buildActionMask = 2147483647;
			files = (
			);
			runOnlyForDeploymentPostprocessing = 0;
		};
/* End PBXResourcesBuildPhase section */

/* Begin PBXSourcesBuildPhase section */
		E22624C82AA14F3B000A67FC /* Sources */ = {
			isa = PBXSourcesBuildPhase;
			buildActionMask = 2147483647;
			files = (
				E22624D22AA14F3B000A67FC /* ContentView.swift in Sources */,
				E22624D02AA14F3B000A67FC /* ValUApp.swift in Sources */,
			);
			runOnlyForDeploymentPostprocessing = 0;
		};
		E22624D82AA14F3E000A67FC /* Sources */ = {
			isa = PBXSourcesBuildPhase;
			buildActionMask = 2147483647;
			files = (
				E22624E12AA14F3E000A67FC /* ValUTests.swift in Sources */,
			);
			runOnlyForDeploymentPostprocessing = 0;
		};
		E22624E22AA14F3E000A67FC /* Sources */ = {
			isa = PBXSourcesBuildPhase;
			buildActionMask = 2147483647;
			files = (
				E22624ED2AA14F3E000A67FC /* ValUUITestsLaunchTests.swift in Sources */,
				E22624EB2AA14F3E000A67FC /* ValUUITests.swift in Sources */,
			);
			runOnlyForDeploymentPostprocessing = 0;
		};
/* End PBXSourcesBuildPhase section */

/* Begin PBXTargetDependency section */
		E22624DE2AA14F3E000A67FC /* PBXTargetDependency */ = {
			isa = PBXTargetDependency;
			target = E22624CB2AA14F3B000A67FC /* ValU */;
			targetProxy = E22624DD2AA14F3E000A67FC /* PBXContainerItemProxy */;
		};
		E22624E82AA14F3E000A67FC /* PBXTargetDependency */ = {
			isa = PBXTargetDependency;
			target = E22624CB2AA14F3B000A67FC /* ValU */;
			targetProxy = E22624E72AA14F3E000A67FC /* PBXContainerItemProxy */;
		};
/* End PBXTargetDependency section */

/* Begin XCBuildConfiguration section */
		E22624EE2AA14F3E000A67FC /* Debug */ = {
			isa = XCBuildConfiguration;
			buildSettings = {
				ALWAYS_SEARCH_USER_PATHS = NO;
				CLANG_ANALYZER_NONNULL = YES;
				CLANG_ANALYZER_NUMBER_OBJECT_CONVERSION = YES_AGGRESSIVE;
				CLANG_CXX_LANGUAGE_STANDARD = "gnu++20";
				CLANG_ENABLE_MODULES = YES;
				CLANG_ENABLE_OBJC_ARC = YES;
				CLANG_ENABLE_OBJC_WEAK = YES;
				CLANG_WARN_BLOCK_CAPTURE_AUTORELEASING = YES;
				CLANG_WARN_BOOL_CONVERSION = YES;
				CLANG_WARN_COMMA = YES;
				CLANG_WARN_CONSTANT_CONVERSION = YES;
				CLANG_WARN_DEPRECATED_OBJC_IMPLEMENTATIONS = YES;
				CLANG_WARN_DIRECT_OBJC_ISA_USAGE = YES_ERROR;
				CLANG_WARN_DOCUMENTATION_COMMENTS = YES;
				CLANG_WARN_EMPTY_BODY = YES;
				CLANG_WARN_ENUM_CONVERSION = YES;
				CLANG_WARN_INFINITE_RECURSION = YES;
				CLANG_WARN_INT_CONVERSION = YES;
				CLANG_WARN_NON_LITERAL_NULL_CONVERSION = YES;
				CLANG_WARN_OBJC_IMPLICIT_RETAIN_SELF = YES;
				CLANG_WARN_OBJC_LITERAL_CONVERSION = YES;
				CLANG_WARN_OBJC_ROOT_CLASS = YES_ERROR;
				CLANG_WARN_QUOTED_INCLUDE_IN_FRAMEWORK_HEADER = YES;
				CLANG_WARN_RANGE_LOOP_ANALYSIS = YES;
				CLANG_WARN_STRICT_PROTOTYPES = YES;
				CLANG_WARN_SUSPICIOUS_MOVE = YES;
				CLANG_WARN_UNGUARDED_AVAILABILITY = YES_AGGRESSIVE;
				CLANG_WARN_UNREACHABLE_CODE = YES;
				CLANG_WARN__DUPLICATE_METHOD_MATCH = YES;
				COPY_PHASE_STRIP = NO;
				DEBUG_INFORMATION_FORMAT = dwarf;
				ENABLE_STRICT_OBJC_MSGSEND = YES;
				ENABLE_TESTABILITY = YES;
				GCC_C_LANGUAGE_STANDARD = gnu11;
				GCC_DYNAMIC_NO_PIC = NO;
				GCC_NO_COMMON_BLOCKS = YES;
				GCC_OPTIMIZATION_LEVEL = 0;
				GCC_PREPROCESSOR_DEFINITIONS = (
					"DEBUG=1",
					"$(inherited)",
				);
				GCC_WARN_64_TO_32_BIT_CONVERSION = YES;
				GCC_WARN_ABOUT_RETURN_TYPE = YES_ERROR;
				GCC_WARN_UNDECLARED_SELECTOR = YES;
				GCC_WARN_UNINITIALIZED_AUTOS = YES_AGGRESSIVE;
				GCC_WARN_UNUSED_FUNCTION = YES;
				GCC_WARN_UNUSED_VARIABLE = YES;
				IPHONEOS_DEPLOYMENT_TARGET = 16.4;
				MTL_ENABLE_DEBUG_INFO = INCLUDE_SOURCE;
				MTL_FAST_MATH = YES;
				ONLY_ACTIVE_ARCH = YES;
				SDKROOT = iphoneos;
				SWIFT_ACTIVE_COMPILATION_CONDITIONS = DEBUG;
				SWIFT_OPTIMIZATION_LEVEL = "-Onone";
			};
			name = Debug;
		};
		E22624EF2AA14F3E000A67FC /* Release */ = {
			isa = XCBuildConfiguration;
			buildSettings = {
				ALWAYS_SEARCH_USER_PATHS = NO;
				CLANG_ANALYZER_NONNULL = YES;
				CLANG_ANALYZER_NUMBER_OBJECT_CONVERSION = YES_AGGRESSIVE;
				CLANG_CXX_LANGUAGE_STANDARD = "gnu++20";
				CLANG_ENABLE_MODULES = YES;
				CLANG_ENABLE_OBJC_ARC = YES;
				CLANG_ENABLE_OBJC_WEAK = YES;
				CLANG_WARN_BLOCK_CAPTURE_AUTORELEASING = YES;
				CLANG_WARN_BOOL_CONVERSION = YES;
				CLANG_WARN_COMMA = YES;
				CLANG_WARN_CONSTANT_CONVERSION = YES;
				CLANG_WARN_DEPRECATED_OBJC_IMPLEMENTATIONS = YES;
				CLANG_WARN_DIRECT_OBJC_ISA_USAGE = YES_ERROR;
				CLANG_WARN_DOCUMENTATION_COMMENTS = YES;
				CLANG_WARN_EMPTY_BODY = YES;
				CLANG_WARN_ENUM_CONVERSION = YES;
				CLANG_WARN_INFINITE_RECURSION = YES;
				CLANG_WARN_INT_CONVERSION = YES;
				CLANG_WARN_NON_LITERAL_NULL_CONVERSION = YES;
				CLANG_WARN_OBJC_IMPLICIT_RETAIN_SELF = YES;
				CLANG_WARN_OBJC_LITERAL_CONVERSION = YES;
				CLANG_WARN_OBJC_ROOT_CLASS = YES_ERROR;
				CLANG_WARN_QUOTED_INCLUDE_IN_FRAMEWORK_HEADER = YES;
				CLANG_WARN_RANGE_LOOP_ANALYSIS = YES;
				CLANG_WARN_STRICT_PROTOTYPES = YES;
				CLANG_WARN_SUSPICIOUS_MOVE = YES;
				CLANG_WARN_UNGUARDED_AVAILABILITY = YES_AGGRESSIVE;
				CLANG_WARN_UNREACHABLE_CODE = YES;
				CLANG_WARN__DUPLICATE_METHOD_MATCH = YES;
				COPY_PHASE_STRIP = NO;
				DEBUG_INFORMATION_FORMAT = "dwarf-with-dsym";
				ENABLE_NS_ASSERTIONS = NO;
				ENABLE_STRICT_OBJC_MSGSEND = YES;
				GCC_C_LANGUAGE_STANDARD = gnu11;
				GCC_NO_COMMON_BLOCKS = YES;
				GCC_WARN_64_TO_32_BIT_CONVERSION = YES;
				GCC_WARN_ABOUT_RETURN_TYPE = YES_ERROR;
				GCC_WARN_UNDECLARED_SELECTOR = YES;
				GCC_WARN_UNINITIALIZED_AUTOS = YES_AGGRESSIVE;
				GCC_WARN_UNUSED_FUNCTION = YES;
				GCC_WARN_UNUSED_VARIABLE = YES;
				IPHONEOS_DEPLOYMENT_TARGET = 16.4;
				MTL_ENABLE_DEBUG_INFO = NO;
				MTL_FAST_MATH = YES;
				SDKROOT = iphoneos;
				SWIFT_COMPILATION_MODE = wholemodule;
				SWIFT_OPTIMIZATION_LEVEL = "-O";
				VALIDATE_PRODUCT = YES;
			};
			name = Release;
		};
		E22624F12AA14F3E000A67FC /* Debug */ = {
			isa = XCBuildConfiguration;
			buildSettings = {
				ASSETCATALOG_COMPILER_APPICON_NAME = AppIcon;
				ASSETCATALOG_COMPILER_GLOBAL_ACCENT_COLOR_NAME = AccentColor;
				CODE_SIGN_STYLE = Automatic;
				CURRENT_PROJECT_VERSION = 1;
				DEVELOPMENT_ASSET_PATHS = "\"ValU/Preview Content\"";
				DEVELOPMENT_TEAM = 7334LCHUE6;
				ENABLE_PREVIEWS = YES;
				GENERATE_INFOPLIST_FILE = YES;
				INFOPLIST_KEY_UIApplicationSceneManifest_Generation = YES;
				INFOPLIST_KEY_UIApplicationSupportsIndirectInputEvents = YES;
				INFOPLIST_KEY_UILaunchScreen_Generation = YES;
				INFOPLIST_KEY_UISupportedInterfaceOrientations_iPad = "UIInterfaceOrientationPortrait UIInterfaceOrientationPortraitUpsideDown UIInterfaceOrientationLandscapeLeft UIInterfaceOrientationLandscapeRight";
				INFOPLIST_KEY_UISupportedInterfaceOrientations_iPhone = "UIInterfaceOrientationPortrait UIInterfaceOrientationLandscapeLeft UIInterfaceOrientationLandscapeRight";
				LD_RUNPATH_SEARCH_PATHS = (
					"$(inherited)",
					"@executable_path/Frameworks",
				);
				MARKETING_VERSION = 1.0;
				PRODUCT_BUNDLE_IDENTIFIER = TP.ValU.ValU;
				PRODUCT_NAME = "$(TARGET_NAME)";
				SWIFT_EMIT_LOC_STRINGS = YES;
				SWIFT_VERSION = 5.0;
				TARGETED_DEVICE_FAMILY = "1,2";
			};
			name = Debug;
		};
		E22624F22AA14F3E000A67FC /* Release */ = {
			isa = XCBuildConfiguration;
			buildSettings = {
				ASSETCATALOG_COMPILER_APPICON_NAME = AppIcon;
				ASSETCATALOG_COMPILER_GLOBAL_ACCENT_COLOR_NAME = AccentColor;
				CODE_SIGN_STYLE = Automatic;
				CURRENT_PROJECT_VERSION = 1;
				DEVELOPMENT_ASSET_PATHS = "\"ValU/Preview Content\"";
				DEVELOPMENT_TEAM = 7334LCHUE6;
				ENABLE_PREVIEWS = YES;
				GENERATE_INFOPLIST_FILE = YES;
				INFOPLIST_KEY_UIApplicationSceneManifest_Generation = YES;
				INFOPLIST_KEY_UIApplicationSupportsIndirectInputEvents = YES;
				INFOPLIST_KEY_UILaunchScreen_Generation = YES;
				INFOPLIST_KEY_UISupportedInterfaceOrientations_iPad = "UIInterfaceOrientationPortrait UIInterfaceOrientationPortraitUpsideDown UIInterfaceOrientationLandscapeLeft UIInterfaceOrientationLandscapeRight";
				INFOPLIST_KEY_UISupportedInterfaceOrientations_iPhone = "UIInterfaceOrientationPortrait UIInterfaceOrientationLandscapeLeft UIInterfaceOrientationLandscapeRight";
				LD_RUNPATH_SEARCH_PATHS = (
					"$(inherited)",
					"@executable_path/Frameworks",
				);
				MARKETING_VERSION = 1.0;
				PRODUCT_BUNDLE_IDENTIFIER = TP.ValU.ValU;
				PRODUCT_NAME = "$(TARGET_NAME)";
				SWIFT_EMIT_LOC_STRINGS = YES;
				SWIFT_VERSION = 5.0;
				TARGETED_DEVICE_FAMILY = "1,2";
			};
			name = Release;
		};
		E22624F42AA14F3E000A67FC /* Debug */ = {
			isa = XCBuildConfiguration;
			buildSettings = {
				ALWAYS_EMBED_SWIFT_STANDARD_LIBRARIES = YES;
				BUNDLE_LOADER = "$(TEST_HOST)";
				CODE_SIGN_STYLE = Automatic;
				CURRENT_PROJECT_VERSION = 1;
				DEVELOPMENT_TEAM = 7334LCHUE6;
				GENERATE_INFOPLIST_FILE = YES;
				IPHONEOS_DEPLOYMENT_TARGET = 16.4;
				MARKETING_VERSION = 1.0;
				PRODUCT_BUNDLE_IDENTIFIER = TP.ValU.ValUTests;
				PRODUCT_NAME = "$(TARGET_NAME)";
				SWIFT_EMIT_LOC_STRINGS = NO;
				SWIFT_VERSION = 5.0;
				TARGETED_DEVICE_FAMILY = "1,2";
				TEST_HOST = "$(BUILT_PRODUCTS_DIR)/ValU.app/$(BUNDLE_EXECUTABLE_FOLDER_PATH)/ValU";
			};
			name = Debug;
		};
		E22624F52AA14F3E000A67FC /* Release */ = {
			isa = XCBuildConfiguration;
			buildSettings = {
				ALWAYS_EMBED_SWIFT_STANDARD_LIBRARIES = YES;
				BUNDLE_LOADER = "$(TEST_HOST)";
				CODE_SIGN_STYLE = Automatic;
				CURRENT_PROJECT_VERSION = 1;
				DEVELOPMENT_TEAM = 7334LCHUE6;
				GENERATE_INFOPLIST_FILE = YES;
				IPHONEOS_DEPLOYMENT_TARGET = 16.4;
				MARKETING_VERSION = 1.0;
				PRODUCT_BUNDLE_IDENTIFIER = TP.ValU.ValUTests;
				PRODUCT_NAME = "$(TARGET_NAME)";
				SWIFT_EMIT_LOC_STRINGS = NO;
				SWIFT_VERSION = 5.0;
				TARGETED_DEVICE_FAMILY = "1,2";
				TEST_HOST = "$(BUILT_PRODUCTS_DIR)/ValU.app/$(BUNDLE_EXECUTABLE_FOLDER_PATH)/ValU";
			};
			name = Release;
		};
		E22624F72AA14F3E000A67FC /* Debug */ = {
			isa = XCBuildConfiguration;
			buildSettings = {
				ALWAYS_EMBED_SWIFT_STANDARD_LIBRARIES = YES;
				CODE_SIGN_STYLE = Automatic;
				CURRENT_PROJECT_VERSION = 1;
				DEVELOPMENT_TEAM = 7334LCHUE6;
				GENERATE_INFOPLIST_FILE = YES;
				MARKETING_VERSION = 1.0;
				PRODUCT_BUNDLE_IDENTIFIER = TP.ValU.ValUUITests;
				PRODUCT_NAME = "$(TARGET_NAME)";
				SWIFT_EMIT_LOC_STRINGS = NO;
				SWIFT_VERSION = 5.0;
				TARGETED_DEVICE_FAMILY = "1,2";
				TEST_TARGET_NAME = ValU;
			};
			name = Debug;
		};
		E22624F82AA14F3E000A67FC /* Release */ = {
			isa = XCBuildConfiguration;
			buildSettings = {
				ALWAYS_EMBED_SWIFT_STANDARD_LIBRARIES = YES;
				CODE_SIGN_STYLE = Automatic;
				CURRENT_PROJECT_VERSION = 1;
				DEVELOPMENT_TEAM = 7334LCHUE6;
				GENERATE_INFOPLIST_FILE = YES;
				MARKETING_VERSION = 1.0;
				PRODUCT_BUNDLE_IDENTIFIER = TP.ValU.ValUUITests;
				PRODUCT_NAME = "$(TARGET_NAME)";
				SWIFT_EMIT_LOC_STRINGS = NO;
				SWIFT_VERSION = 5.0;
				TARGETED_DEVICE_FAMILY = "1,2";
				TEST_TARGET_NAME = ValU;
			};
			name = Release;
		};
/* End XCBuildConfiguration section */

/* Begin XCConfigurationList section */
		E22624C72AA14F3B000A67FC /* Build configuration list for PBXProject "ValU" */ = {
			isa = XCConfigurationList;
			buildConfigurations = (
				E22624EE2AA14F3E000A67FC /* Debug */,
				E22624EF2AA14F3E000A67FC /* Release */,
			);
			defaultConfigurationIsVisible = 0;
			defaultConfigurationName = Release;
		};
		E22624F02AA14F3E000A67FC /* Build configuration list for PBXNativeTarget "ValU" */ = {
			isa = XCConfigurationList;
			buildConfigurations = (
				E22624F12AA14F3E000A67FC /* Debug */,
				E22624F22AA14F3E000A67FC /* Release */,
			);
			defaultConfigurationIsVisible = 0;
			defaultConfigurationName = Release;
		};
		E22624F32AA14F3E000A67FC /* Build configuration list for PBXNativeTarget "ValUTests" */ = {
			isa = XCConfigurationList;
			buildConfigurations = (
				E22624F42AA14F3E000A67FC /* Debug */,
				E22624F52AA14F3E000A67FC /* Release */,
			);
			defaultConfigurationIsVisible = 0;
			defaultConfigurationName = Release;
		};
		E22624F62AA14F3E000A67FC /* Build configuration list for PBXNativeTarget "ValUUITests" */ = {
			isa = XCConfigurationList;
			buildConfigurations = (
				E22624F72AA14F3E000A67FC /* Debug */,
				E22624F82AA14F3E000A67FC /* Release */,
			);
			defaultConfigurationIsVisible = 0;
			defaultConfigurationName = Release;
		};
/* End XCConfigurationList section */
	};
	rootObject = E22624C42AA14F3B000A67FC /* Project object */;
}
